# This file is automatically @generated by Poetry 2.0.1 and should not be changed by hand.

[[package]]
name = "importlib"
version = "1.0.4"
description = "Backport of importlib.import_module() from Python 2.7"
optional = false
python-versions = "*"
groups = ["main"]
files = [
    {file = "importlib-1.0.4.zip", hash = "sha256:b6ee7066fea66e35f8d0acee24d98006de1a0a8a94a8ce6efe73a9a23c8d9826"},
]

[[package]]
name = "toml"
version = "0.10.2"
description = "Python Library for Tom's Obvious, Minimal Language"
optional = false
python-versions = ">=2.6, !=3.0.*, !=3.1.*, !=3.2.*"
groups = ["main"]
files = [
    {file = "toml-0.10.2-py2.py3-none-any.whl", hash = "sha256:806143ae5bfb6a3c6e736a764057db0e6a0e05e338b5630894a5f779cabb4f9b"},
    {file = "toml-0.10.2.tar.gz", hash = "sha256:b3bda1d108d5dd99f4a20d24d9c348e91c4db7ab1b749200bded2f839ccbe68f"},
]

[metadata]
lock-version = "2.1"
python-versions = ">=3.11"
content-hash = "380a5f61549276e54ec2835729e54a8896ee2d37ba6375501430997d7a8dc5a9"
